
Microsoft Visual Studio Solution File, Format Version 12.00
# Visual Studio 2013
VisualStudioVersion = 12.0.30501.0
MinimumVisualStudioVersion = 10.0.40219.1
Project("{CC5FD16D-436D-48AD-A40C-5A424C6E3E79}") = "ServiceWCFRestFul", "ServiceWCFRestFul\ServiceWCFRestFul.ccproj", "{48D1983F-FF6E-4C17-9654-A71EC62F1CB1}"
EndProject
Project("{FAE04EC0-301F-11D3-BF4B-00C04F79EFBC}") = "WCFServiceWebRole1", "WCFServiceWebRole1\WCFServiceWebRole1.csproj", "{B5515500-19C5-421C-9C5D-9E574056EE03}"
EndProject
Global
	GlobalSection(SolutionConfigurationPlatforms) = preSolution
		Debug|Any CPU = Debug|Any CPU
		Release|Any CPU = Release|Any CPU
	EndGlobalSection
	GlobalSection(ProjectConfigurationPlatforms) = postSolution
		{48D1983F-FF6E-4C17-9654-A71EC62F1CB1}.Debug|Any CPU.ActiveCfg = Debug|Any CPU
		{48D1983F-FF6E-4C17-9654-A71EC62F1CB1}.Debug|Any CPU.Build.0 = Debug|Any CPU
		{48D1983F-FF6E-4C17-9654-A71EC62F1CB1}.Release|Any CPU.ActiveCfg = Release|Any CPU
		{48D1983F-FF6E-4C17-9654-A71EC62F1CB1}.Release|Any CPU.Build.0 = Release|Any CPU
		{B5515500-19C5-421C-9C5D-9E574056EE03}.Debug|Any CPU.ActiveCfg = Debug|Any CPU
		{B5515500-19C5-421C-9C5D-9E574056EE03}.Debug|Any CPU.Build.0 = Debug|Any CPU
		{B5515500-19C5-421C-9C5D-9E574056EE03}.Release|Any CPU.ActiveCfg = Release|Any CPU
		{B5515500-19C5-421C-9C5D-9E574056EE03}.Release|Any CPU.Build.0 = Release|Any CPU
	EndGlobalSection
	GlobalSection(SolutionProperties) = preSolution
		HideSolutionNode = FALSE
	EndGlobalSection
EndGlobal
